
Microsoft Visual Studio Solution File, Format Version 12.00
# Visual Studio Version 17
VisualStudioVersion = 17.7.34202.233
MinimumVisualStudioVersion = 10.0.40219.1
Project("{9A19103F-16F7-4668-BE54-9A1E7A4F7556}") = "DatabaseService", "DatabaseService\DatabaseService.csproj", "{AF522835-57F8-49E2-A1A3-790D3CE90E06}"
EndProject
Project("{9A19103F-16F7-4668-BE54-9A1E7A4F7556}") = "DebugProject", "DebugProject\DebugProject.csproj", "{EEA728FA-CA80-4AA2-A954-38F701659178}"
	ProjectSection(ProjectDependencies) = postProject
		{AF522835-57F8-49E2-A1A3-790D3CE90E06} = {AF522835-57F8-49E2-A1A3-790D3CE90E06}
		{C2C3A7E2-E7E8-46CD-91C9-A1F696366542} = {C2C3A7E2-E7E8-46CD-91C9-A1F696366542}
	EndProjectSection
EndProject
Project("{FAE04EC0-301F-11D3-BF4B-00C04F79EFBC}") = "TelegremService", "TelegremService\TelegremService.csproj", "{C2C3A7E2-E7E8-46CD-91C9-A1F696366542}"
	ProjectSection(ProjectDependencies) = postProject
		{AF522835-57F8-49E2-A1A3-790D3CE90E06} = {AF522835-57F8-49E2-A1A3-790D3CE90E06}
	EndProjectSection
EndProject
Global
	GlobalSection(SolutionConfigurationPlatforms) = preSolution
		Debug|Any CPU = Debug|Any CPU
		Release|Any CPU = Release|Any CPU
	EndGlobalSection
	GlobalSection(ProjectConfigurationPlatforms) = postSolution
		{AF522835-57F8-49E2-A1A3-790D3CE90E06}.Debug|Any CPU.ActiveCfg = Debug|Any CPU
		{AF522835-57F8-49E2-A1A3-790D3CE90E06}.Debug|Any CPU.Build.0 = Debug|Any CPU
		{AF522835-57F8-49E2-A1A3-790D3CE90E06}.Release|Any CPU.ActiveCfg = Release|Any CPU
		{AF522835-57F8-49E2-A1A3-790D3CE90E06}.Release|Any CPU.Build.0 = Release|Any CPU
		{EEA728FA-CA80-4AA2-A954-38F701659178}.Debug|Any CPU.ActiveCfg = Debug|Any CPU
		{EEA728FA-CA80-4AA2-A954-38F701659178}.Debug|Any CPU.Build.0 = Debug|Any CPU
		{EEA728FA-CA80-4AA2-A954-38F701659178}.Release|Any CPU.ActiveCfg = Release|Any CPU
		{EEA728FA-CA80-4AA2-A954-38F701659178}.Release|Any CPU.Build.0 = Release|Any CPU
		{C2C3A7E2-E7E8-46CD-91C9-A1F696366542}.Debug|Any CPU.ActiveCfg = Debug|Any CPU
		{C2C3A7E2-E7E8-46CD-91C9-A1F696366542}.Debug|Any CPU.Build.0 = Debug|Any CPU
		{C2C3A7E2-E7E8-46CD-91C9-A1F696366542}.Release|Any CPU.ActiveCfg = Release|Any CPU
		{C2C3A7E2-E7E8-46CD-91C9-A1F696366542}.Release|Any CPU.Build.0 = Release|Any CPU
	EndGlobalSection
	GlobalSection(SolutionProperties) = preSolution
		HideSolutionNode = FALSE
	EndGlobalSection
	GlobalSection(ExtensibilityGlobals) = postSolution
		SolutionGuid = {58424945-0E63-42BF-BA5B-6106503B5980}
	EndGlobalSection
EndGlobal
